
Microsoft Visual Studio Solution File, Format Version 12.00
# Visual Studio 15
VisualStudioVersion = 15.0.28307.421
MinimumVisualStudioVersion = 10.0.40219.1
Project("{9A19103F-16F7-4668-BE54-9A1E7A4F7556}") = "backend-api", "backend-api.csproj", "{530FB678-E407-460A-BEB2-F6BBEA575899}"
EndProject
Project("{9A19103F-16F7-4668-BE54-9A1E7A4F7556}") = "Cql.InventoryManagement.DbMigrations", "..\Cql.InventoryManagement.DbMigrations\Cql.InventoryManagement.DbMigrations.csproj", "{AF27DC55-7C9D-46B9-B336-CE340806C248}"
EndProject
Global
	GlobalSection(SolutionConfigurationPlatforms) = preSolution
		Debug|Any CPU = Debug|Any CPU
		Release|Any CPU = Release|Any CPU
	EndGlobalSection
	GlobalSection(ProjectConfigurationPlatforms) = postSolution
		{530FB678-E407-460A-BEB2-F6BBEA575899}.Debug|Any CPU.ActiveCfg = Debug|Any CPU
		{530FB678-E407-460A-BEB2-F6BBEA575899}.Debug|Any CPU.Build.0 = Debug|Any CPU
		{530FB678-E407-460A-BEB2-F6BBEA575899}.Release|Any CPU.ActiveCfg = Release|Any CPU
		{530FB678-E407-460A-BEB2-F6BBEA575899}.Release|Any CPU.Build.0 = Release|Any CPU
		{AF27DC55-7C9D-46B9-B336-CE340806C248}.Debug|Any CPU.ActiveCfg = Debug|Any CPU
		{AF27DC55-7C9D-46B9-B336-CE340806C248}.Debug|Any CPU.Build.0 = Debug|Any CPU
		{AF27DC55-7C9D-46B9-B336-CE340806C248}.Release|Any CPU.ActiveCfg = Release|Any CPU
		{AF27DC55-7C9D-46B9-B336-CE340806C248}.Release|Any CPU.Build.0 = Release|Any CPU
	EndGlobalSection
	GlobalSection(SolutionProperties) = preSolution
		HideSolutionNode = FALSE
	EndGlobalSection
	GlobalSection(ExtensibilityGlobals) = postSolution
		SolutionGuid = {695D3DBC-9189-4330-A6BA-EE72478A3B94}
	EndGlobalSection
EndGlobal
